// !$*UTF8*$!
{
	archiveVersion = 1;
	classes = {
	};
	objectVersion = 46;
	objects = {

/* Begin PBXBuildFile section */
		24F8301514E335100060F6DA /* UIKit.framework in Frameworks */ = {isa = PBXBuildFile; fileRef = 24F8301414E335100060F6DA /* UIKit.framework */; };
		24F8301714E335100060F6DA /* Foundation.framework in Frameworks */ = {isa = PBXBuildFile; fileRef = 24F8301614E335100060F6DA /* Foundation.framework */; };
		24F8301914E335100060F6DA /* CoreGraphics.framework in Frameworks */ = {isa = PBXBuildFile; fileRef = 24F8301814E335100060F6DA /* CoreGraphics.framework */; };
		24F8301F14E335100060F6DA /* InfoPlist.strings in Resources */ = {isa = PBXBuildFile; fileRef = 24F8301D14E335100060F6DA /* InfoPlist.strings */; };
		24F8302114E335100060F6DA /* main.m in Sources */ = {isa = PBXBuildFile; fileRef = 24F8302014E335100060F6DA /* main.m */; };
		24F8302514E335100060F6DA /* AppDelegate.m in Sources */ = {isa = PBXBuildFile; fileRef = 24F8302414E335100060F6DA /* AppDelegate.m */; };
		24F8302814E335100060F6DA /* MainStoryboard.storyboard in Resources */ = {isa = PBXBuildFile; fileRef = 24F8302614E335100060F6DA /* MainStoryboard.storyboard */; };
		24F8302B14E335100060F6DA /* ViewController.m in Sources */ = {isa = PBXBuildFile; fileRef = 24F8302A14E335100060F6DA /* ViewController.m */; };
		24F8303314E335100060F6DA /* SenTestingKit.framework in Frameworks */ = {isa = PBXBuildFile; fileRef = 24F8303214E335100060F6DA /* SenTestingKit.framework */; };
		24F8303414E335100060F6DA /* UIKit.framework in Frameworks */ = {isa = PBXBuildFile; fileRef = 24F8301414E335100060F6DA /* UIKit.framework */; };
		24F8303514E335100060F6DA /* Foundation.framework in Frameworks */ = {isa = PBXBuildFile; fileRef = 24F8301614E335100060F6DA /* Foundation.framework */; };
		24F8303D14E335100060F6DA /* InfoPlist.strings in Resources */ = {isa = PBXBuildFile; fileRef = 24F8303B14E335100060F6DA /* InfoPlist.strings */; };
		24F8304014E335100060F6DA /* herpinTests.m in Sources */ = {isa = PBXBuildFile; fileRef = 24F8303F14E335100060F6DA /* herpinTests.m */; };
/* End PBXBuildFile section */

/* Begin PBXContainerItemProxy section */
		24F8303614E335100060F6DA /* PBXContainerItemProxy */ = {
			isa = PBXContainerItemProxy;
			containerPortal = 24F8300714E335100060F6DA /* Project object */;
			proxyType = 1;
			remoteGlobalIDString = 24F8300F14E335100060F6DA;
			remoteInfo = herpin;
		};
/* End PBXContainerItemProxy section */

/* Begin PBXFileReference section */
		24F8301014E335100060F6DA /* herpin.app */ = {isa = PBXFileReference; explicitFileType = wrapper.application; includeInIndex = 0; path = herpin.app; sourceTree = BUILT_PRODUCTS_DIR; };
		24F8301414E335100060F6DA /* UIKit.framework */ = {isa = PBXFileReference; lastKnownFileType = wrapper.framework; name = UIKit.framework; path = System/Library/Frameworks/UIKit.framework; sourceTree = SDKROOT; };
		24F8301614E335100060F6DA /* Foundation.framework */ = {isa = PBXFileReference; lastKnownFileType = wrapper.framework; name = Foundation.framework; path = System/Library/Frameworks/Foundation.framework; sourceTree = SDKROOT; };
		24F8301814E335100060F6DA /* CoreGraphics.framework */ = {isa = PBXFileReference; lastKnownFileType = wrapper.framework; name = CoreGraphics.framework; path = System/Library/Frameworks/CoreGraphics.framework; sourceTree = SDKROOT; };
		24F8301C14E335100060F6DA /* herpin-Info.plist */ = {isa = PBXFileReference; path = "herpin-Info.plist"; sourceTree = "<group>"; };
		24F8301E14E335100060F6DA /* en */ = {isa = PBXFileReference; lastKnownFileType = text.plist.strings; name = en; path = en.lproj/InfoPlist.strings; sourceTree = "<group>"; };
		24F8302014E335100060F6DA /* main.m */ = {isa = PBXFileReference; lastKnownFileType = sourcecode.c.objc; path = main.m; sourceTree = "<group>"; };
		24F8302214E335100060F6DA /* herpin-Prefix.pch */ = {isa = PBXFileReference; path = "herpin-Prefix.pch"; sourceTree = "<group>"; };
		24F8302314E335100060F6DA /* AppDelegate.h */ = {isa = PBXFileReference; path = AppDelegate.h; sourceTree = "<group>"; };
		24F8302414E335100060F6DA /* AppDelegate.m */ = {isa = PBXFileReference; lastKnownFileType = sourcecode.c.objc; path = AppDelegate.m; sourceTree = "<group>"; };
		24F8302714E335100060F6DA /* en */ = {isa = PBXFileReference; lastKnownFileType = file.storyboard; name = en; path = en.lproj/MainStoryboard.storyboard; sourceTree = "<group>"; };
		24F8302914E335100060F6DA /* ViewController.h */ = {isa = PBXFileReference; path = ViewController.h; sourceTree = "<group>"; };
		24F8302A14E335100060F6DA /* ViewController.m */ = {isa = PBXFileReference; lastKnownFileType = sourcecode.c.objc; path = ViewController.m; sourceTree = "<group>"; };
		24F8303114E335100060F6DA /* herpinTests.octest */ = {isa = PBXFileReference; explicitFileType = wrapper.cfbundle; includeInIndex = 0; path = herpinTests.octest; sourceTree = BUILT_PRODUCTS_DIR; };
		24F8303214E335100060F6DA /* SenTestingKit.framework */ = {isa = PBXFileReference; lastKnownFileType = wrapper.framework; name = SenTestingKit.framework; path = Library/Frameworks/SenTestingKit.framework; sourceTree = DEVELOPER_DIR; };
		24F8303A14E335100060F6DA /* herpinTests-Info.plist */ = {isa = PBXFileReference; path = "herpinTests-Info.plist"; sourceTree = "<group>"; };
		24F8303C14E335100060F6DA /* en */ = {isa = PBXFileReference; lastKnownFileType = text.plist.strings; name = en; path = en.lproj/InfoPlist.strings; sourceTree = "<group>"; };
		24F8303E14E335100060F6DA /* herpinTests.h */ = {isa = PBXFileReference; path = herpinTests.h; sourceTree = "<group>"; };
		24F8303F14E335100060F6DA /* herpinTests.m */ = {isa = PBXFileReference; lastKnownFileType = sourcecode.c.objc; path = herpinTests.m; sourceTree = "<group>"; };
/* End PBXFileReference section */

/* Begin PBXFrameworksBuildPhase section */
		24F8300D14E335100060F6DA /* Frameworks */ = {
			isa = PBXFrameworksBuildPhase;
			buildActionMask = 2147483647;
			files = (
				24F8301514E335100060F6DA /* UIKit.framework in Frameworks */,
				24F8301714E335100060F6DA /* Foundation.framework in Frameworks */,
				24F8301914E335100060F6DA /* CoreGraphics.framework in Frameworks */,
			);
			runOnlyForDeploymentPostprocessing = 0;
		};
		24F8302D14E335100060F6DA /* Frameworks */ = {
			isa = PBXFrameworksBuildPhase;
			buildActionMask = 2147483647;
			files = (
				24F8303314E335100060F6DA /* SenTestingKit.framework in Frameworks */,
				24F8303414E335100060F6DA /* UIKit.framework in Frameworks */,
				24F8303514E335100060F6DA /* Foundation.framework in Frameworks */,
			);
			runOnlyForDeploymentPostprocessing = 0;
		};
/* End PBXFrameworksBuildPhase section */

/* Begin PBXGroup section */
		24F8300514E335100060F6DA = {
			isa = PBXGroup;
			children = (
				24F8301A14E335100060F6DA /* herpin */,
				24F8303814E335100060F6DA /* herpinTests */,
				24F8301314E335100060F6DA /* Frameworks */,
				24F8301114E335100060F6DA /* Products */,
			);
			sourceTree = "<group>";
		};
		24F8301114E335100060F6DA /* Products */ = {
			isa = PBXGroup;
			children = (
				24F8301014E335100060F6DA /* herpin.app */,
				24F8303114E335100060F6DA /* herpinTests.octest */,
			);
			name = Products;
			sourceTree = "<group>";
		};
		24F8301314E335100060F6DA /* Frameworks */ = {
			isa = PBXGroup;
			children = (
				24F8301414E335100060F6DA /* UIKit.framework */,
				24F8301614E335100060F6DA /* Foundation.framework */,
				24F8301814E335100060F6DA /* CoreGraphics.framework */,
				24F8303214E335100060F6DA /* SenTestingKit.framework */,
			);
			name = Frameworks;
			sourceTree = "<group>";
		};
		24F8301A14E335100060F6DA /* herpin */ = {
			isa = PBXGroup;
			children = (
				24F8302314E335100060F6DA /* AppDelegate.h */,
				24F8302414E335100060F6DA /* AppDelegate.m */,
				24F8302614E335100060F6DA /* MainStoryboard.storyboard */,
				24F8302914E335100060F6DA /* ViewController.h */,
				24F8302A14E335100060F6DA /* ViewController.m */,
				24F8301B14E335100060F6DA /* Supporting Files */,
			);
			path = herpin;
			sourceTree = "<group>";
		};
		24F8301B14E335100060F6DA /* Supporting Files */ = {
			isa = PBXGroup;
			children = (
				24F8301C14E335100060F6DA /* herpin-Info.plist */,
				24F8301D14E335100060F6DA /* InfoPlist.strings */,
				24F8302014E335100060F6DA /* main.m */,
				24F8302214E335100060F6DA /* herpin-Prefix.pch */,
			);
			name = "Supporting Files";
			sourceTree = "<group>";
		};
		24F8303814E335100060F6DA /* herpinTests */ = {
			isa = PBXGroup;
			children = (
				24F8303E14E335100060F6DA /* herpinTests.h */,
				24F8303F14E335100060F6DA /* herpinTests.m */,
				24F8303914E335100060F6DA /* Supporting Files */,
			);
			path = herpinTests;
			sourceTree = "<group>";
		};
		24F8303914E335100060F6DA /* Supporting Files */ = {
			isa = PBXGroup;
			children = (
				24F8303A14E335100060F6DA /* herpinTests-Info.plist */,
				24F8303B14E335100060F6DA /* InfoPlist.strings */,
			);
			name = "Supporting Files";
			sourceTree = "<group>";
		};
/* End PBXGroup section */

/* Begin PBXNativeTarget section */
		24F8300F14E335100060F6DA /* herpin */ = {
			isa = PBXNativeTarget;
			buildConfigurationList = 24F8304314E335100060F6DA /* Build configuration list for PBXNativeTarget "herpin" */;
			buildPhases = (
				24F8300C14E335100060F6DA /* Sources */,
				24F8300D14E335100060F6DA /* Frameworks */,
				24F8300E14E335100060F6DA /* Resources */,
			);
			buildRules = (
			);
			dependencies = (
			);
			name = herpin;
			productName = herpin;
			productReference = 24F8301014E335100060F6DA /* herpin.app */;
			productType = "com.apple.product-type.application";
		};
		24F8303014E335100060F6DA /* herpinTests */ = {
			isa = PBXNativeTarget;
			buildConfigurationList = 24F8304614E335100060F6DA /* Build configuration list for PBXNativeTarget "herpinTests" */;
			buildPhases = (
				24F8302C14E335100060F6DA /* Sources */,
				24F8302D14E335100060F6DA /* Frameworks */,
				24F8302E14E335100060F6DA /* Resources */,
				24F8302F14E335100060F6DA /* ShellScript */,
			);
			buildRules = (
			);
			dependencies = (
				24F8303714E335100060F6DA /* PBXTargetDependency */,
			);
			name = herpinTests;
			productName = herpinTests;
			productReference = 24F8303114E335100060F6DA /* herpinTests.octest */;
			productType = "com.apple.product-type.bundle";
		};
/* End PBXNativeTarget section */

/* Begin PBXProject section */
		24F8300714E335100060F6DA /* Project object */ = {
			isa = PBXProject;
			attributes = {
				LastUpgradeCheck = 0420;
			};
			buildConfigurationList = 24F8300A14E335100060F6DA /* Build configuration list for PBXProject "herpin" */;
			compatibilityVersion = "Xcode 3.2";
			developmentRegion = English;
			hasScannedForEncodings = 0;
			knownRegions = (
				en,
			);
			mainGroup = 24F8300514E335100060F6DA;
			productRefGroup = 24F8301114E335100060F6DA /* Products */;
			projectDirPath = "";
			projectRoot = "";
			targets = (
				24F8300F14E335100060F6DA /* herpin */,
				24F8303014E335100060F6DA /* herpinTests */,
			);
		};
/* End PBXProject section */

/* Begin PBXResourcesBuildPhase section */
		24F8300E14E335100060F6DA /* Resources */ = {
			isa = PBXResourcesBuildPhase;
			buildActionMask = 2147483647;
			files = (
				24F8301F14E335100060F6DA /* InfoPlist.strings in Resources */,
				24F8302814E335100060F6DA /* MainStoryboard.storyboard in Resources */,
			);
			runOnlyForDeploymentPostprocessing = 0;
		};
		24F8302E14E335100060F6DA /* Resources */ = {
			isa = PBXResourcesBuildPhase;
			buildActionMask = 2147483647;
			files = (
				24F8303D14E335100060F6DA /* InfoPlist.strings in Resources */,
			);
			runOnlyForDeploymentPostprocessing = 0;
		};
/* End PBXResourcesBuildPhase section */

/* Begin PBXShellScriptBuildPhase section */
		24F8302F14E335100060F6DA /* ShellScript */ = {
			isa = PBXShellScriptBuildPhase;
			buildActionMask = 2147483647;
			files = (
			);
			inputPaths = (
			);
			outputPaths = (
			);
			runOnlyForDeploymentPostprocessing = 0;
			shellPath = /bin/sh;
			shellScript = "# Run the unit tests in this test bundle.\n\"${SYSTEM_DEVELOPER_DIR}/Tools/RunUnitTests\"\n";
		};
/* End PBXShellScriptBuildPhase section */

/* Begin PBXSourcesBuildPhase section */
		24F8300C14E335100060F6DA /* Sources */ = {
			isa = PBXSourcesBuildPhase;
			buildActionMask = 2147483647;
			files = (
				24F8302114E335100060F6DA /* main.m in Sources */,
				24F8302514E335100060F6DA /* AppDelegate.m in Sources */,
				24F8302B14E335100060F6DA /* ViewController.m in Sources */,
			);
			runOnlyForDeploymentPostprocessing = 0;
		};
		24F8302C14E335100060F6DA /* Sources */ = {
			isa = PBXSourcesBuildPhase;
			buildActionMask = 2147483647;
			files = (
				24F8304014E335100060F6DA /* herpinTests.m in Sources */,
			);
			runOnlyForDeploymentPostprocessing = 0;
		};
/* End PBXSourcesBuildPhase section */

/* Begin PBXTargetDependency section */
		24F8303714E335100060F6DA /* PBXTargetDependency */ = {
			isa = PBXTargetDependency;
			target = 24F8300F14E335100060F6DA /* herpin */;
			targetProxy = 24F8303614E335100060F6DA /* PBXContainerItemProxy */;
		};
/* End PBXTargetDependency section */

/* Begin PBXVariantGroup section */
		24F8301D14E335100060F6DA /* InfoPlist.strings */ = {
			isa = PBXVariantGroup;
			children = (
				24F8301E14E335100060F6DA /* en */,
			);
			name = InfoPlist.strings;
			sourceTree = "<group>";
		};
		24F8302614E335100060F6DA /* MainStoryboard.storyboard */ = {
			isa = PBXVariantGroup;
			children = (
				24F8302714E335100060F6DA /* en */,
			);
			name = MainStoryboard.storyboard;
			sourceTree = "<group>";
		};
		24F8303B14E335100060F6DA /* InfoPlist.strings */ = {
			isa = PBXVariantGroup;
			children = (
				24F8303C14E335100060F6DA /* en */,
			);
			name = InfoPlist.strings;
			sourceTree = "<group>";
		};
/* End PBXVariantGroup section */

/* Begin XCBuildConfiguration section */
		24F8304114E335100060F6DA /* Debug */ = {
			isa = XCBuildConfiguration;
			buildSettings = {
				ALWAYS_SEARCH_USER_PATHS = NO;
				ARCHS = "$(ARCHS_STANDARD_32_BIT)";
				CLANG_ENABLE_OBJC_ARC = YES;
				"CODE_SIGN_IDENTITY[sdk=iphoneos*]" = "iPhone Developer";
				COPY_PHASE_STRIP = NO;
				GCC_C_LANGUAGE_STANDARD = gnu99;
				GCC_DYNAMIC_NO_PIC = NO;
				GCC_OPTIMIZATION_LEVEL = 0;
				GCC_PREPROCESSOR_DEFINITIONS = (
					"DEBUG=1",
					"$(inherited)",
				);
				GCC_SYMBOLS_PRIVATE_EXTERN = NO;
				GCC_VERSION = com.apple.compilers.llvm.clang.1_0;
				GCC_WARN_ABOUT_MISSING_PROTOTYPES = YES;
				GCC_WARN_ABOUT_RETURN_TYPE = YES;
				GCC_WARN_UNUSED_VARIABLE = YES;
				IPHONEOS_DEPLOYMENT_TARGET = 5.0;
				SDKROOT = iphoneos;
			};
			name = Debug;
		};
		24F8304214E335100060F6DA /* Release */ = {
			isa = XCBuildConfiguration;
			buildSettings = {
				ALWAYS_SEARCH_USER_PATHS = NO;
				ARCHS = "$(ARCHS_STANDARD_32_BIT)";
				CLANG_ENABLE_OBJC_ARC = YES;
				"CODE_SIGN_IDENTITY[sdk=iphoneos*]" = "iPhone Developer";
				COPY_PHASE_STRIP = YES;
				GCC_C_LANGUAGE_STANDARD = gnu99;
				GCC_VERSION = com.apple.compilers.llvm.clang.1_0;
				GCC_WARN_ABOUT_MISSING_PROTOTYPES = YES;
				GCC_WARN_ABOUT_RETURN_TYPE = YES;
				GCC_WARN_UNUSED_VARIABLE = YES;
				IPHONEOS_DEPLOYMENT_TARGET = 5.0;
				OTHER_CFLAGS = "-DNS_BLOCK_ASSERTIONS=1";
				SDKROOT = iphoneos;
				VALIDATE_PRODUCT = YES;
			};
			name = Release;
		};
		24F8304414E335100060F6DA /* Debug */ = {
			isa = XCBuildConfiguration;
			buildSettings = {
				GCC_PRECOMPILE_PREFIX_HEADER = YES;
				GCC_PREFIX_HEADER = "herpin/herpin-Prefix.pch";
				INFOPLIST_FILE = "herpin/herpin-Info.plist";
				PRODUCT_NAME = "$(TARGET_NAME)";
				WRAPPER_EXTENSION = app;
			};
			name = Debug;
		};
		24F8304514E335100060F6DA /* Release */ = {
			isa = XCBuildConfiguration;
			buildSettings = {
				GCC_PRECOMPILE_PREFIX_HEADER = YES;
				GCC_PREFIX_HEADER = "herpin/herpin-Prefix.pch";
				INFOPLIST_FILE = "herpin/herpin-Info.plist";
				PRODUCT_NAME = "$(TARGET_NAME)";
				WRAPPER_EXTENSION = app;
			};
			name = Release;
		};
		24F8304714E335100060F6DA /* Debug */ = {
			isa = XCBuildConfiguration;
			buildSettings = {
				BUNDLE_LOADER = "$(BUILT_PRODUCTS_DIR)/herpin.app/herpin";
				FRAMEWORK_SEARCH_PATHS = (
					"$(SDKROOT)/Developer/Library/Frameworks",
					"$(DEVELOPER_LIBRARY_DIR)/Frameworks",
				);
				GCC_PRECOMPILE_PREFIX_HEADER = YES;
				GCC_PREFIX_HEADER = "herpin/herpin-Prefix.pch";
				INFOPLIST_FILE = "herpinTests/herpinTests-Info.plist";
				PRODUCT_NAME = "$(TARGET_NAME)";
				TEST_HOST = "$(BUNDLE_LOADER)";
				WRAPPER_EXTENSION = octest;
			};
			name = Debug;
		};
		24F8304814E335100060F6DA /* Release */ = {
			isa = XCBuildConfiguration;
			buildSettings = {
				BUNDLE_LOADER = "$(BUILT_PRODUCTS_DIR)/herpin.app/herpin";
				FRAMEWORK_SEARCH_PATHS = (
					"$(SDKROOT)/Developer/Library/Frameworks",
					"$(DEVELOPER_LIBRARY_DIR)/Frameworks",
				);
				GCC_PRECOMPILE_PREFIX_HEADER = YES;
				GCC_PREFIX_HEADER = "herpin/herpin-Prefix.pch";
				INFOPLIST_FILE = "herpinTests/herpinTests-Info.plist";
				PRODUCT_NAME = "$(TARGET_NAME)";
				TEST_HOST = "$(BUNDLE_LOADER)";
				WRAPPER_EXTENSION = octest;
			};
			name = Release;
		};
/* End XCBuildConfiguration section */

/* Begin XCConfigurationList section */
		24F8300A14E335100060F6DA /* Build configuration list for PBXProject "herpin" */ = {
			isa = XCConfigurationList;
			buildConfigurations = (
				24F8304114E335100060F6DA /* Debug */,
				24F8304214E335100060F6DA /* Release */,
			);
			defaultConfigurationIsVisible = 0;
			defaultConfigurationName = Release;
		};
		24F8304314E335100060F6DA /* Build configuration list for PBXNativeTarget "herpin" */ = {
			isa = XCConfigurationList;
			buildConfigurations = (
				24F8304414E335100060F6DA /* Debug */,
				24F8304514E335100060F6DA /* Release */,
			);
			defaultConfigurationIsVisible = 0;
		};
		24F8304614E335100060F6DA /* Build configuration list for PBXNativeTarget "herpinTests" */ = {
			isa = XCConfigurationList;
			buildConfigurations = (
				24F8304714E335100060F6DA /* Debug */,
				24F8304814E335100060F6DA /* Release */,
			);
			defaultConfigurationIsVisible = 0;
		};
/* End XCConfigurationList section */
	};
	rootObject = 24F8300714E335100060F6DA /* Project object */;
}
